github.com/ironarachne/naminglanguage v0.0.0-20181009131908-d2337dcdc3f6 h1:2Dtuu2zauMMVEFzdLVo9zc9RP7StjMPYMvnW5VMV/5E=
github.com/ironarachne/naminglanguage v0.0.0-20181009131908-d2337dcdc3f6/go.mod h1:RRZ/YORWnRdgF/WP8aWOb9If3tzcAyXGQtJGIGQN2w0=
github.com/ironarachne/utility v0.0.0-20181021125830-32a6c250e33b h1:EhG1yiJbIUwbHhtAAqoPxW0ClJnE9W5HLSyHSu9gVk8=
github.com/ironarachne/utility v0.0.0-20181021125830-32a6c250e33b/go.mod h1:1pbHvjC5wh3M6kSUB46xHYUnWZ1iMqr8h/07w0n2Gak=
